
Microsoft Visual Studio Solution File, Format Version 12.00
# Visual Studio 15
VisualStudioVersion = 15.0.28010.2003
MinimumVisualStudioVersion = 10.0.40219.1
Project("{FAE04EC0-301F-11D3-BF4B-00C04F79EFBC}") = "1erPacial", "1erPacial\1erPacial.csproj", "{9A1A6A1A-B57B-4148-83D1-2D8996A35B52}"
EndProject
Global
	GlobalSection(SolutionConfigurationPlatforms) = preSolution
		Debug|Any CPU = Debug|Any CPU
		Release|Any CPU = Release|Any CPU
	EndGlobalSection
	GlobalSection(ProjectConfigurationPlatforms) = postSolution
		{9A1A6A1A-B57B-4148-83D1-2D8996A35B52}.Debug|Any CPU.ActiveCfg = Debug|Any CPU
		{9A1A6A1A-B57B-4148-83D1-2D8996A35B52}.Debug|Any CPU.Build.0 = Debug|Any CPU
		{9A1A6A1A-B57B-4148-83D1-2D8996A35B52}.Release|Any CPU.ActiveCfg = Release|Any CPU
		{9A1A6A1A-B57B-4148-83D1-2D8996A35B52}.Release|Any CPU.Build.0 = Release|Any CPU
	EndGlobalSection
	GlobalSection(SolutionProperties) = preSolution
		HideSolutionNode = FALSE
	EndGlobalSection
	GlobalSection(ExtensibilityGlobals) = postSolution
		SolutionGuid = {83EFB14D-E173-46F5-89A6-EC0F471395A9}
	EndGlobalSection
EndGlobal
